
Microsoft Visual Studio Solution File, Format Version 12.00
# Visual Studio 15
VisualStudioVersion = 15.0.28307.421
MinimumVisualStudioVersion = 10.0.40219.1
Project("{FAE04EC0-301F-11D3-BF4B-00C04F79EFBC}") = "WebApplication11", "WebApplication11\WebApplication11.csproj", "{FC0F584B-C1FB-49DC-BD0A-A68BACB7659B}"
EndProject
Global
	GlobalSection(SolutionConfigurationPlatforms) = preSolution
		Debug|Any CPU = Debug|Any CPU
		Release|Any CPU = Release|Any CPU
	EndGlobalSection
	GlobalSection(ProjectConfigurationPlatforms) = postSolution
		{FC0F584B-C1FB-49DC-BD0A-A68BACB7659B}.Debug|Any CPU.ActiveCfg = Debug|Any CPU
		{FC0F584B-C1FB-49DC-BD0A-A68BACB7659B}.Debug|Any CPU.Build.0 = Debug|Any CPU
		{FC0F584B-C1FB-49DC-BD0A-A68BACB7659B}.Release|Any CPU.ActiveCfg = Release|Any CPU
		{FC0F584B-C1FB-49DC-BD0A-A68BACB7659B}.Release|Any CPU.Build.0 = Release|Any CPU
	EndGlobalSection
	GlobalSection(SolutionProperties) = preSolution
		HideSolutionNode = FALSE
	EndGlobalSection
	GlobalSection(ExtensibilityGlobals) = postSolution
		SolutionGuid = {A209502D-113F-4BBE-B3A6-CF8E05A9BCE7}
	EndGlobalSection
EndGlobal
